Microsoft Visual Studio Solution File, Format Version 12.00
# Visual Studio Version 17
VisualStudioVersion = 17.5.2.0
MinimumVisualStudioVersion = 10.0.40219.1
Project("{FAE04EC0-301F-11D3-BF4B-00C04F79EFBC}") = "SafeDocAI.API", "SafeDocAI.API.csproj", "{C9695CE4-D998-3863-5BF5-97E98802AE12}"
EndProject
Global
	GlobalSection(SolutionConfigurationPlatforms) = preSolution
		Debug|Any CPU = Debug|Any CPU
		Release|Any CPU = Release|Any CPU
	EndGlobalSection
	GlobalSection(ProjectConfigurationPlatforms) = postSolution
		{C9695CE4-D998-3863-5BF5-97E98802AE12}.Debug|Any CPU.ActiveCfg = Debug|Any CPU
		{C9695CE4-D998-3863-5BF5-97E98802AE12}.Debug|Any CPU.Build.0 = Debug|Any CPU
		{C9695CE4-D998-3863-5BF5-97E98802AE12}.Release|Any CPU.ActiveCfg = Release|Any CPU
		{C9695CE4-D998-3863-5BF5-97E98802AE12}.Release|Any CPU.Build.0 = Release|Any CPU
	EndGlobalSection
	GlobalSection(SolutionProperties) = preSolution
		HideSolutionNode = FALSE
	EndGlobalSection
	GlobalSection(ExtensibilityGlobals) = postSolution
		SolutionGuid = {0E9446ED-8310-499F-8B5E-35ACF1BF9866}
	EndGlobalSection
EndGlobal
